
Microsoft Visual Studio Solution File, Format Version 12.00
# Visual Studio Version 17
VisualStudioVersion = 17.14.36212.18 d17.14
MinimumVisualStudioVersion = 10.0.40219.1
Project("{FAE04EC0-301F-11D3-BF4B-00C04F79EFBC}") = "Y9_Milestone3_review", "Y9_Milestone3_review\Y9_Milestone3_review.csproj", "{F86BB883-72C8-40DF-A0FF-7E1C6FF8B120}"
EndProject
Global
	GlobalSection(SolutionConfigurationPlatforms) = preSolution
		Debug|Any CPU = Debug|Any CPU
		Release|Any CPU = Release|Any CPU
	EndGlobalSection
	GlobalSection(ProjectConfigurationPlatforms) = postSolution
		{F86BB883-72C8-40DF-A0FF-7E1C6FF8B120}.Debug|Any CPU.ActiveCfg = Debug|Any CPU
		{F86BB883-72C8-40DF-A0FF-7E1C6FF8B120}.Debug|Any CPU.Build.0 = Debug|Any CPU
		{F86BB883-72C8-40DF-A0FF-7E1C6FF8B120}.Release|Any CPU.ActiveCfg = Release|Any CPU
		{F86BB883-72C8-40DF-A0FF-7E1C6FF8B120}.Release|Any CPU.Build.0 = Release|Any CPU
	EndGlobalSection
	GlobalSection(SolutionProperties) = preSolution
		HideSolutionNode = FALSE
	EndGlobalSection
	GlobalSection(ExtensibilityGlobals) = postSolution
		SolutionGuid = {E6F54C45-C950-4558-8CDE-35D6E88B3231}
	EndGlobalSection
EndGlobal
